
Microsoft Visual Studio Solution File, Format Version 12.00
# Visual Studio 14
VisualStudioVersion = 14.0.25420.1
MinimumVisualStudioVersion = 10.0.40219.1
Project("{2150E333-8FDC-42A3-9474-1A3956D46DE8}") = "Data", "Data", "{BD69778C-91C8-4F13-8632-AC67600B384F}"
EndProject
Project("{2150E333-8FDC-42A3-9474-1A3956D46DE8}") = "Business", "Business", "{29A3AAC2-66AA-45A2-B943-CE1E79768142}"
EndProject
Project("{2150E333-8FDC-42A3-9474-1A3956D46DE8}") = "Services", "Services", "{2C755A37-814F-4D37-971C-D17C21C28C5F}"
EndProject
Project("{2150E333-8FDC-42A3-9474-1A3956D46DE8}") = "Presentation", "Presentation", "{1AD4F9E8-9205-443E-A517-240D4C99EC2C}"
EndProject
Project("{2150E333-8FDC-42A3-9474-1A3956D46DE8}") = "Hosts", "Hosts", "{A8E9EA65-14A8-463F-A24C-B693D771AB12}"
EndProject
Project("{2150E333-8FDC-42A3-9474-1A3956D46DE8}") = "Shared", "Shared", "{5242CDE4-2910-4211-AE9F-230FB8E47596}"
EndProject
Project("{FAE04EC0-301F-11D3-BF4B-00C04F79EFBC}") = "Rent.Framework", "Shared\Rent.Framework\Rent.Framework.csproj", "{0DDFC764-93CA-451C-A173-37CF224017A2}"
EndProject
Project("{FAE04EC0-301F-11D3-BF4B-00C04F79EFBC}") = "Rent.Entities", "Shared\Rent.Entities\Rent.Entities.csproj", "{A2606BB6-A0EF-4FA0-98E1-94A7974AEC94}"
EndProject
Project("{FAE04EC0-301F-11D3-BF4B-00C04F79EFBC}") = "Rent.Data", "Data\Rent.Data\Rent.Data.csproj", "{EE0428EC-4F68-4A14-A625-D5A502720736}"
EndProject
Project("{FAE04EC0-301F-11D3-BF4B-00C04F79EFBC}") = "Rent.Business", "Business\Rent.Business\Rent.Business.csproj", "{219FC819-1014-4EC3-83B4-ADD3DABB5106}"
EndProject
Project("{FAE04EC0-301F-11D3-BF4B-00C04F79EFBC}") = "Rent.Services.Contracts", "Services\Rent.Services.Contracts\Rent.Services.Contracts.csproj", "{5F051F9A-8F76-46AA-A91E-3C20E148136C}"
EndProject
Project("{FAE04EC0-301F-11D3-BF4B-00C04F79EFBC}") = "Rent.Services.Http", "Services\Rent.Services.Http\Rent.Services.Http.csproj", "{302C815D-6A7D-41F4-8B13-E4DFBE9D3518}"
EndProject
Project("{FAE04EC0-301F-11D3-BF4B-00C04F79EFBC}") = "Rent.Hosts.Web", "Hosts\Rent.Hosts.Web\Rent.Hosts.Web.csproj", "{C991C3AE-3EC2-4A6F-AFB3-A52FFE72D307}"
EndProject
Project("{FAE04EC0-301F-11D3-BF4B-00C04F79EFBC}") = "Rent.UI.Process", "Presentation\Rent.UI.Process\Rent.UI.Process.csproj", "{67597397-D51C-4939-8583-E484397980E7}"
EndProject
Project("{FAE04EC0-301F-11D3-BF4B-00C04F79EFBC}") = "Rent.UI.Web", "Presentation\Rent.UI.Web\Rent.UI.Web.csproj", "{AABB296C-642A-492F-B109-1D75A7E09CC8}"
EndProject
Global
	GlobalSection(SolutionConfigurationPlatforms) = preSolution
		Debug|Any CPU = Debug|Any CPU
		Release|Any CPU = Release|Any CPU
	EndGlobalSection
	GlobalSection(ProjectConfigurationPlatforms) = postSolution
		{0DDFC764-93CA-451C-A173-37CF224017A2}.Debug|Any CPU.ActiveCfg = Debug|Any CPU
		{0DDFC764-93CA-451C-A173-37CF224017A2}.Debug|Any CPU.Build.0 = Debug|Any CPU
		{0DDFC764-93CA-451C-A173-37CF224017A2}.Release|Any CPU.ActiveCfg = Release|Any CPU
		{0DDFC764-93CA-451C-A173-37CF224017A2}.Release|Any CPU.Build.0 = Release|Any CPU
		{A2606BB6-A0EF-4FA0-98E1-94A7974AEC94}.Debug|Any CPU.ActiveCfg = Debug|Any CPU
		{A2606BB6-A0EF-4FA0-98E1-94A7974AEC94}.Debug|Any CPU.Build.0 = Debug|Any CPU
		{A2606BB6-A0EF-4FA0-98E1-94A7974AEC94}.Release|Any CPU.ActiveCfg = Release|Any CPU
		{A2606BB6-A0EF-4FA0-98E1-94A7974AEC94}.Release|Any CPU.Build.0 = Release|Any CPU
		{EE0428EC-4F68-4A14-A625-D5A502720736}.Debug|Any CPU.ActiveCfg = Debug|Any CPU
		{EE0428EC-4F68-4A14-A625-D5A502720736}.Debug|Any CPU.Build.0 = Debug|Any CPU
		{EE0428EC-4F68-4A14-A625-D5A502720736}.Release|Any CPU.ActiveCfg = Release|Any CPU
		{EE0428EC-4F68-4A14-A625-D5A502720736}.Release|Any CPU.Build.0 = Release|Any CPU
		{219FC819-1014-4EC3-83B4-ADD3DABB5106}.Debug|Any CPU.ActiveCfg = Debug|Any CPU
		{219FC819-1014-4EC3-83B4-ADD3DABB5106}.Debug|Any CPU.Build.0 = Debug|Any CPU
		{219FC819-1014-4EC3-83B4-ADD3DABB5106}.Release|Any CPU.ActiveCfg = Release|Any CPU
		{219FC819-1014-4EC3-83B4-ADD3DABB5106}.Release|Any CPU.Build.0 = Release|Any CPU
		{5F051F9A-8F76-46AA-A91E-3C20E148136C}.Debug|Any CPU.ActiveCfg = Debug|Any CPU
		{5F051F9A-8F76-46AA-A91E-3C20E148136C}.Debug|Any CPU.Build.0 = Debug|Any CPU
		{5F051F9A-8F76-46AA-A91E-3C20E148136C}.Release|Any CPU.ActiveCfg = Release|Any CPU
		{5F051F9A-8F76-46AA-A91E-3C20E148136C}.Release|Any CPU.Build.0 = Release|Any CPU
		{302C815D-6A7D-41F4-8B13-E4DFBE9D3518}.Debug|Any CPU.ActiveCfg = Debug|Any CPU
		{302C815D-6A7D-41F4-8B13-E4DFBE9D3518}.Debug|Any CPU.Build.0 = Debug|Any CPU
		{302C815D-6A7D-41F4-8B13-E4DFBE9D3518}.Release|Any CPU.ActiveCfg = Release|Any CPU
		{302C815D-6A7D-41F4-8B13-E4DFBE9D3518}.Release|Any CPU.Build.0 = Release|Any CPU
		{C991C3AE-3EC2-4A6F-AFB3-A52FFE72D307}.Debug|Any CPU.ActiveCfg = Debug|Any CPU
		{C991C3AE-3EC2-4A6F-AFB3-A52FFE72D307}.Debug|Any CPU.Build.0 = Debug|Any CPU
		{C991C3AE-3EC2-4A6F-AFB3-A52FFE72D307}.Release|Any CPU.ActiveCfg = Release|Any CPU
		{C991C3AE-3EC2-4A6F-AFB3-A52FFE72D307}.Release|Any CPU.Build.0 = Release|Any CPU
		{67597397-D51C-4939-8583-E484397980E7}.Debug|Any CPU.ActiveCfg = Debug|Any CPU
		{67597397-D51C-4939-8583-E484397980E7}.Debug|Any CPU.Build.0 = Debug|Any CPU
		{67597397-D51C-4939-8583-E484397980E7}.Release|Any CPU.ActiveCfg = Release|Any CPU
		{67597397-D51C-4939-8583-E484397980E7}.Release|Any CPU.Build.0 = Release|Any CPU
		{AABB296C-642A-492F-B109-1D75A7E09CC8}.Debug|Any CPU.ActiveCfg = Debug|Any CPU
		{AABB296C-642A-492F-B109-1D75A7E09CC8}.Debug|Any CPU.Build.0 = Debug|Any CPU
		{AABB296C-642A-492F-B109-1D75A7E09CC8}.Release|Any CPU.ActiveCfg = Release|Any CPU
		{AABB296C-642A-492F-B109-1D75A7E09CC8}.Release|Any CPU.Build.0 = Release|Any CPU
	EndGlobalSection
	GlobalSection(SolutionProperties) = preSolution
		HideSolutionNode = FALSE
	EndGlobalSection
	GlobalSection(NestedProjects) = preSolution
		{0DDFC764-93CA-451C-A173-37CF224017A2} = {5242CDE4-2910-4211-AE9F-230FB8E47596}
		{A2606BB6-A0EF-4FA0-98E1-94A7974AEC94} = {5242CDE4-2910-4211-AE9F-230FB8E47596}
		{EE0428EC-4F68-4A14-A625-D5A502720736} = {BD69778C-91C8-4F13-8632-AC67600B384F}
		{219FC819-1014-4EC3-83B4-ADD3DABB5106} = {29A3AAC2-66AA-45A2-B943-CE1E79768142}
		{5F051F9A-8F76-46AA-A91E-3C20E148136C} = {2C755A37-814F-4D37-971C-D17C21C28C5F}
		{302C815D-6A7D-41F4-8B13-E4DFBE9D3518} = {2C755A37-814F-4D37-971C-D17C21C28C5F}
		{C991C3AE-3EC2-4A6F-AFB3-A52FFE72D307} = {A8E9EA65-14A8-463F-A24C-B693D771AB12}
		{67597397-D51C-4939-8583-E484397980E7} = {1AD4F9E8-9205-443E-A517-240D4C99EC2C}
		{AABB296C-642A-492F-B109-1D75A7E09CC8} = {1AD4F9E8-9205-443E-A517-240D4C99EC2C}
	EndGlobalSection
EndGlobal
